{
  "name": "endorphin-router",
  "version": "0.0.1",
  "lockfileVersion": 1,
  "requires": true,
  "dependencies": {
    "@endorphinjs/css-module": {
      "version": "0.8.7",
      "resolved": "https://registry.npmjs.org/@endorphinjs/css-module/-/css-module-0.8.7.tgz",
      "integrity": "sha512-8KO3PwcvIoOx1P2yYGK4gI+J8/vDPAEtJPX7gZJndDWtxI3TqABjmDMVJlIese/7jp01TRH4ydC9APT7kpFCvw==",
      "dev": true,
      "requires": {
        "css-tree": "^1.0.0-alpha.29"
      }
    },
    "@endorphinjs/template-compiler": {
      "version": "0.8.7",
      "resolved": "https://registry.npmjs.org/@endorphinjs/template-compiler/-/template-compiler-0.8.7.tgz",
      "integrity": "sha512-2HswlM6gZ1mGHyl84OOH0p3GeS36QMzfvyEtjS5fx0+vP0CYDMPdA5k5THR8Izp4rZKnHtmAsvriTpc709Zd+Q==",
      "dev": true,
      "requires": {
        "@endorphinjs/template-parser": "^0.8.7",
        "entities": "^1.1.2",
        "source-map": "^0.7.3"
      }
    },
    "@endorphinjs/template-parser": {
      "version": "0.8.7",
      "resolved": "https://registry.npmjs.org/@endorphinjs/template-parser/-/template-parser-0.8.7.tgz",
      "integrity": "sha512-iNWqICKKcVbJ0FxyOF1C1mkUn9x6xCcyT2xNnetXw2gvccrCWSoC8FppAAyKs8uDaWoGC0KEHQN/QEETDR694A==",
      "dev": true,
      "requires": {
        "acorn": "^7.1.0",
        "acorn-walk": "^7.0.0"
      }
    },
    "@endorphinjs/template-runtime": {
      "version": "0.8.8",
      "resolved": "https://registry.npmjs.org/@endorphinjs/template-runtime/-/template-runtime-0.8.8.tgz",
      "integrity": "sha512-fCxv5W6roDgJs2kd6ILSyjDkxc0WFnbdJMWcu+7o/+ODb/QMUxHYzoL4uitMqUqhoybXPnrAIHujwbzF9R2SPA==",
      "dev": true
    },
    "acorn": {
      "version": "7.4.1",
      "resolved": "https://registry.npmjs.org/acorn/-/acorn-7.4.1.tgz",
      "integrity": "sha512-nQyp0o1/mNdbTO1PO6kHkwSrmgZ0MT/jCCpNiwbUjGoRN4dlBhqJtoQuCnEOKzgTVwg0ZWiCoQy6SxMebQVh8A==",
      "dev": true
    },
    "acorn-walk": {
      "version": "7.2.0",
      "resolved": "https://registry.npmjs.org/acorn-walk/-/acorn-walk-7.2.0.tgz",
      "integrity": "sha512-OPdCF6GsMIP+Az+aWfAAOEt2/+iVDKE7oy6lJ098aoe59oAmK76qV6Gw60SbZ8jHuG2wH058GF4pLFbYamYrVA==",
      "dev": true
    },
    "css-tree": {
      "version": "1.0.0",
      "resolved": "https://registry.npmjs.org/css-tree/-/css-tree-1.0.0.tgz",
      "integrity": "sha512-CdVYz/Yuqw0VdKhXPBIgi8DO3NicJVYZNWeX9XcIuSp9ZoFT5IcleVRW07O5rMjdcx1mb+MEJPknTTEW7DdsYw==",
      "dev": true,
      "requires": {
        "mdn-data": "2.0.12",
        "source-map": "^0.6.1"
      },
      "dependencies": {
        "source-map": {
          "version": "0.6.1",
          "resolved": "https://registry.npmjs.org/source-map/-/source-map-0.6.1.tgz",
          "integrity": "sha512-UjgapumWlbMhkBgzT7Ykc5YXUT46F0iKu8SGXq0bcwP5dz/h0Plj6enJqjz1Zbq2l5WaqYnrVbwWOWMyF3F47g==",
          "dev": true
        }
      }
    },
    "endorphin": {
      "version": "0.8.8",
      "resolved": "https://registry.npmjs.org/endorphin/-/endorphin-0.8.8.tgz",
      "integrity": "sha512-HGi+VEe9C5ZA4SJbj3IgWhZy30IBgH2WG0GMdPQ6uxXYhM1s5KfaHoaCBsxgxDIR8ZjUc+6qqksEPZf+O/3CIw==",
      "dev": true,
      "requires": {
        "@endorphinjs/css-module": "^0.8.7",
        "@endorphinjs/template-compiler": "^0.8.7",
        "@endorphinjs/template-runtime": "^0.8.8",
        "source-map": "^0.7.3"
      }
    },
    "entities": {
      "version": "1.1.2",
      "resolved": "https://registry.npmjs.org/entities/-/entities-1.1.2.tgz",
      "integrity": "sha512-f2LZMYl1Fzu7YSBKg+RoROelpOaNrcGmE9AZubeDfrCEia483oW4MI4VyFd5VNHIgQ/7qm1I0wUHK1eJnn2y2w==",
      "dev": true
    },
    "mdn-data": {
      "version": "2.0.12",
      "resolved": "https://registry.npmjs.org/mdn-data/-/mdn-data-2.0.12.tgz",
      "integrity": "sha512-ULbAlgzVb8IqZ0Hsxm6hHSlQl3Jckst2YEQS7fODu9ilNWy2LvcoSY7TRFIktABP2mdppBioc66va90T+NUs8Q==",
      "dev": true
    },
    "source-map": {
      "version": "0.7.3",
      "resolved": "https://registry.npmjs.org/source-map/-/source-map-0.7.3.tgz",
      "integrity": "sha512-CkCj6giN3S+n9qrYiBTX5gystlENnRW5jZeNLHpe6aue+SrHcG5VYwujhW9s4dY31mEGsxBDrHR6oI69fTXsaQ==",
      "dev": true
    }
  }
}
